PODS:
  - Flutter (1.0.0)
  - libwebp (1.2.3):
    - libwebp/demux (= 1.2.3)
    - libwebp/mux (= 1.2.3)
    - libwebp/webp (= 1.2.3)
  - libwebp/demux (1.2.3):
    - libwebp/webp
  - libwebp/mux (1.2.3):
    - libwebp/demux
  - libwebp/webp (1.2.3)
  - path_provider_ios (0.0.1):
    - Flutter
  - SDWebImage/Core (5.13.4)
  - SDWebImageWebPCoder (0.9.1):
    - libwebp (~> 1.0)
    - SDWebImage/Core (~> 5.13)
  - whatsapp_stickers_plus (1.0.0):
    - Flutter
    - SDWebImageWebPCoder

DEPENDENCIES:
  - Flutter (from `Flutter`)
  - path_provider_ios (from `.symlinks/plugins/path_provider_ios/ios`)
  - whatsapp_stickers_plus (from `.symlinks/plugins/whatsapp_stickers_plus/ios`)

SPEC REPOS:
  trunk:
    - libwebp
    - SDWebImage
    - SDWebImageWebPCoder

EXTERNAL SOURCES:
  Flutter:
    :path: Flutter
  path_provider_ios:
    :path: ".symlinks/plugins/path_provider_ios/ios"
  whatsapp_stickers_plus:
    :path: ".symlinks/plugins/whatsapp_stickers_plus/ios"

SPEC CHECKSUMS:
  Flutter: f04841e97a9d0b0a8025694d0796dd46242b2854
  libwebp: 60305b2e989864154bd9be3d772730f08fc6a59c
  path_provider_ios: 14f3d2fd28c4fdb42f44e0f751d12861c43cee02
  SDWebImage: e5cc87bf736e60f49592f307bdf9e157189298a3
  SDWebImageWebPCoder: 18503de6621dd2c420d680e33d46bf8e1d5169b0
  whatsapp_stickers_plus: 8e16bf2dae5b11db8fd09ad38275364ca3ec3ef8

PODFILE CHECKSUM: ef19549a9bc3046e7bb7d2fab4d021637c0c58a3

COCOAPODS: 1.11.3
